# THIS IS AN AUTOGENERATED FILE. DO NOT EDIT THIS FILE DIRECTLY.
# yarn lockfile v1


"@alpinejs/morph@>=3.10.4":
  version "3.12.3"
  resolved "https://registry.yarnpkg.com/@alpinejs/morph/-/morph-3.12.3.tgz#f09fa83d3527ae21daa49a8f1c7a2200c24fe3c8"
  integrity sha512-vhUT9UJxta+yb6mYGUEHiT/w5EtxHQSgwdjS6fvums3XVMuS/u4rXQj9OtCrDDoazD27eT/6TJ8McXKVOL0HXg==

"@esbuild/android-arm64@0.18.14":
  version "0.18.14"
  resolved "https://registry.yarnpkg.com/@esbuild/android-arm64/-/android-arm64-0.18.14.tgz#d86197e6ff965a187b2ea2704915f596a040ed4b"
  integrity sha512-rZ2v+Luba5/3D6l8kofWgTnqE+qsC/L5MleKIKFyllHTKHrNBMqeRCnZI1BtRx8B24xMYxeU32iIddRQqMsOsg==

"@esbuild/android-arm@0.18.14":
  version "0.18.14"
  resolved "https://registry.yarnpkg.com/@esbuild/android-arm/-/android-arm-0.18.14.tgz#ed59310c0e6ec6df8b17e363d33a954ecf870f4f"
  integrity sha512-blODaaL+lngG5bdK/t4qZcQvq2BBqrABmYwqPPcS5VRxrCSGHb9R/rA3fqxh7R18I7WU4KKv+NYkt22FDfalcg==

"@esbuild/android-x64@0.18.14":
  version "0.18.14"
  resolved "https://registry.yarnpkg.com/@esbuild/android-x64/-/android-x64-0.18.14.tgz#e01b387f1db3dd2596a44e8c577aa2609750bc82"
  integrity sha512-qSwh8y38QKl+1Iqg+YhvCVYlSk3dVLk9N88VO71U4FUjtiSFylMWK3Ugr8GC6eTkkP4Tc83dVppt2n8vIdlSGg==

"@esbuild/darwin-arm64@0.18.14":
  version "0.18.14"
  resolved "https://registry.yarnpkg.com/@esbuild/darwin-arm64/-/darwin-arm64-0.18.14.tgz#e92fbdeb9ff209a762cf107df3026c1b3e04ab85"
  integrity sha512-9Hl2D2PBeDYZiNbnRKRWuxwHa9v5ssWBBjisXFkVcSP5cZqzZRFBUWEQuqBHO4+PKx4q4wgHoWtfQ1S7rUqJ2Q==

"@esbuild/darwin-x64@0.18.14":
  version "0.18.14"
  resolved "https://registry.yarnpkg.com/@esbuild/darwin-x64/-/darwin-x64-0.18.14.tgz#bc1884d9f812647e2078fa4c46e4bffec53c7c09"
  integrity sha512-ZnI3Dg4ElQ6tlv82qLc/UNHtFsgZSKZ7KjsUNAo1BF1SoYDjkGKHJyCrYyWjFecmXpvvG/KJ9A/oe0H12odPLQ==

"@esbuild/freebsd-arm64@0.18.14":
  version "0.18.14"
  resolved "https://registry.yarnpkg.com/@esbuild/freebsd-arm64/-/freebsd-arm64-0.18.14.tgz#1fa876f627536b5037f4aed90545ccc330fd509b"
  integrity sha512-h3OqR80Da4oQCIa37zl8tU5MwHQ7qgPV0oVScPfKJK21fSRZEhLE4IIVpmcOxfAVmqjU6NDxcxhYaM8aDIGRLw==

"@esbuild/freebsd-x64@0.18.14":
  version "0.18.14"
  resolved "https://registry.yarnpkg.com/@esbuild/freebsd-x64/-/freebsd-x64-0.18.14.tgz#effaa4c5d7bab695b5e6fae459eaf49121fbc7c3"
  integrity sha512-ha4BX+S6CZG4BoH9tOZTrFIYC1DH13UTCRHzFc3GWX74nz3h/N6MPF3tuR3XlsNjMFUazGgm35MPW5tHkn2lzQ==

"@esbuild/linux-arm64@0.18.14":
  version "0.18.14"
  resolved "https://registry.yarnpkg.com/@esbuild/linux-arm64/-/linux-arm64-0.18.14.tgz#24bb4b1836fe7900e1ffda78aa6875a4eb500e3a"
  integrity sha512-IXORRe22In7U65NZCzjwAUc03nn8SDIzWCnfzJ6t/8AvGx5zBkcLfknI+0P+hhuftufJBmIXxdSTbzWc8X/V4w==

"@esbuild/linux-arm@0.18.14":
  version "0.18.14"
  resolved "https://registry.yarnpkg.com/@esbuild/linux-arm/-/linux-arm-0.18.14.tgz#7f3490320a4627f4c850a8613385bdf3ffb82285"
  integrity sha512-5+7vehI1iqru5WRtJyU2XvTOvTGURw3OZxe3YTdE9muNNIdmKAVmSHpB3Vw2LazJk2ifEdIMt/wTWnVe5V98Kg==

"@esbuild/linux-ia32@0.18.14":
  version "0.18.14"
  resolved "https://registry.yarnpkg.com/@esbuild/linux-ia32/-/linux-ia32-0.18.14.tgz#91f1e82f92ffaff8d72f9d90a0f209022529031a"
  integrity sha512-BfHlMa0nibwpjG+VXbOoqJDmFde4UK2gnW351SQ2Zd4t1N3zNdmUEqRkw/srC1Sa1DRBE88Dbwg4JgWCbNz/FQ==

"@esbuild/linux-loong64@0.18.14":
  version "0.18.14"
  resolved "https://registry.yarnpkg.com/@esbuild/linux-loong64/-/linux-loong64-0.18.14.tgz#cd5cb806af6361578800af79919c5cfd53401a17"
  integrity sha512-j2/Ex++DRUWIAaUDprXd3JevzGtZ4/d7VKz+AYDoHZ3HjJzCyYBub9CU1wwIXN+viOP0b4VR3RhGClsvyt/xSw==

"@esbuild/linux-mips64el@0.18.14":
  version "0.18.14"
  resolved "https://registry.yarnpkg.com/@esbuild/linux-mips64el/-/linux-mips64el-0.18.14.tgz#c635b6c0b8b4f9b4bff3aaafad59fa8cc07b354a"
  integrity sha512-qn2+nc+ZCrJmiicoAnJXJJkZWt8Nwswgu1crY7N+PBR8ChBHh89XRxj38UU6Dkthl2yCVO9jWuafZ24muzDC/A==

"@esbuild/linux-ppc64@0.18.14":
  version "0.18.14"
  resolved "https://registry.yarnpkg.com/@esbuild/linux-ppc64/-/linux-ppc64-0.18.14.tgz#9b2bb80b7e30667a81ffbcddb74ad8e79330cc94"
  integrity sha512-aGzXzd+djqeEC5IRkDKt3kWzvXoXC6K6GyYKxd+wsFJ2VQYnOWE954qV2tvy5/aaNrmgPTb52cSCHFE+Z7Z0yg==

"@esbuild/linux-riscv64@0.18.14":
  version "0.18.14"
  resolved "https://registry.yarnpkg.com/@esbuild/linux-riscv64/-/linux-riscv64-0.18.14.tgz#9520d34a4ecbf404e56f4cebdcc686c83b66babc"
  integrity sha512-8C6vWbfr0ygbAiMFLS6OPz0BHvApkT2gCboOGV76YrYw+sD/MQJzyITNsjZWDXJwPu9tjrFQOVG7zijRzBCnLw==

"@esbuild/linux-s390x@0.18.14":
  version "0.18.14"
  resolved "https://registry.yarnpkg.com/@esbuild/linux-s390x/-/linux-s390x-0.18.14.tgz#3987e30f807b8faf20815b2b2f0a4919084d4e7c"
  integrity sha512-G/Lf9iu8sRMM60OVGOh94ZW2nIStksEcITkXdkD09/T6QFD/o+g0+9WVyR/jajIb3A0LvBJ670tBnGe1GgXMgw==

"@esbuild/linux-x64@0.18.14":
  version "0.18.14"
  resolved "https://registry.yarnpkg.com/@esbuild/linux-x64/-/linux-x64-0.18.14.tgz#51c727dc7045c47ab8c08fe6c09cda3e170d99f3"
  integrity sha512-TBgStYBQaa3EGhgqIDM+ECnkreb0wkcKqL7H6m+XPcGUoU4dO7dqewfbm0mWEQYH3kzFHrzjOFNpSAVzDZRSJw==

"@esbuild/netbsd-x64@0.18.14":
  version "0.18.14"
  resolved "https://registry.yarnpkg.com/@esbuild/netbsd-x64/-/netbsd-x64-0.18.14.tgz#4677bf88b489d5ffe1b5f0abbb85812996455479"
  integrity sha512-stvCcjyCQR2lMTroqNhAbvROqRjxPEq0oQ380YdXxA81TaRJEucH/PzJ/qsEtsHgXlWFW6Ryr/X15vxQiyRXVg==

"@esbuild/openbsd-x64@0.18.14":
  version "0.18.14"
  resolved "https://registry.yarnpkg.com/@esbuild/openbsd-x64/-/openbsd-x64-0.18.14.tgz#939902897e533162450f69266f32ef1325ba98fd"
  integrity sha512-apAOJF14CIsN5ht1PA57PboEMsNV70j3FUdxLmA2liZ20gEQnfTG5QU0FhENo5nwbTqCB2O3WDsXAihfODjHYw==

"@esbuild/sunos-x64@0.18.14":
  version "0.18.14"
  resolved "https://registry.yarnpkg.com/@esbuild/sunos-x64/-/sunos-x64-0.18.14.tgz#a50721d47b93586249bd63250bd4b7496fc9957b"
  integrity sha512-fYRaaS8mDgZcGybPn2MQbn1ZNZx+UXFSUoS5Hd2oEnlsyUcr/l3c6RnXf1bLDRKKdLRSabTmyCy7VLQ7VhGdOQ==

"@esbuild/win32-arm64@0.18.14":
  version "0.18.14"
  resolved "https://registry.yarnpkg.com/@esbuild/win32-arm64/-/win32-arm64-0.18.14.tgz#d8531d370e6fd0e0e40f40e016f996bbe4fd5ebf"
  integrity sha512-1c44RcxKEJPrVj62XdmYhxXaU/V7auELCmnD+Ri+UCt+AGxTvzxl9uauQhrFso8gj6ZV1DaORV0sT9XSHOAk8Q==

"@esbuild/win32-ia32@0.18.14":
  version "0.18.14"
  resolved "https://registry.yarnpkg.com/@esbuild/win32-ia32/-/win32-ia32-0.18.14.tgz#dcbf75e4e65d2921cd4be14ed67cec7360440e46"
  integrity sha512-EXAFttrdAxZkFQmpvcAQ2bywlWUsONp/9c2lcfvPUhu8vXBBenCXpoq9YkUvVP639ld3YGiYx0YUQ6/VQz3Maw==

"@esbuild/win32-x64@0.18.14":
  version "0.18.14"
  resolved "https://registry.yarnpkg.com/@esbuild/win32-x64/-/win32-x64-0.18.14.tgz#43f66032e0f189b6f394d4dbc903a188bb0c969f"
  integrity sha512-K0QjGbcskx+gY+qp3v4/940qg8JitpXbdxFhRDA1aYoNaPff88+aEwoq45aqJ+ogpxQxmU0ZTjgnrQD/w8iiUg==

"@popperjs/core@^2.9.3":
  version "2.11.8"
  resolved "https://registry.yarnpkg.com/@popperjs/core/-/core-2.11.8.tgz#6b79032e760a0899cd4204710beede972a3a185f"
  integrity sha512-P1st0aksCrn9sGZhp8GMYwBnQsbvAWsZAX44oXNNvLHGqAOcoVxmjZiohstwQ7SqKnbR47akdNi+uleWD8+g6A==

"@turbo-boost/streams@>= 0.0.8":
  version "0.0.8"
  resolved "https://registry.yarnpkg.com/@turbo-boost/streams/-/streams-0.0.8.tgz#21c61b0d58aa1e79b45842332b6b721bdee2cc75"
  integrity sha512-6DyH6ce4Dt0arUTH0ckAFEUVv2a9UbtRed04G/61BmthUksHsNgGfzskICmaG0ZR2BERFCoFufc+5obm70GXtA==
  dependencies:
    "@alpinejs/morph" ">=3.10.4"
    alpinejs ">=3.10.4"

"@vue/reactivity@~3.1.1":
  version "3.1.5"
  resolved "https://registry.yarnpkg.com/@vue/reactivity/-/reactivity-3.1.5.tgz#dbec4d9557f7c8f25c2635db1e23a78a729eb991"
  integrity sha512-1tdfLmNjWG6t/CsPldh+foumYFo3cpyCHgBYQ34ylaMsJ+SNHQ1kApMIa8jN+i593zQuaw3AdWH0nJTARzCFhg==
  dependencies:
    "@vue/shared" "3.1.5"

"@vue/shared@3.1.5":
  version "3.1.5"
  resolved "https://registry.yarnpkg.com/@vue/shared/-/shared-3.1.5.tgz#74ee3aad995d0a3996a6bb9533d4d280514ede03"
  integrity sha512-oJ4F3TnvpXaQwZJNF3ZK+kLPHKarDmJjJ6jyzVNDKH9md1dptjC7lWR//jrGuLdek/U6iltWxqAnYOu8gCiOvA==

alpinejs@>=3.10.4:
  version "3.12.3"
  resolved "https://registry.yarnpkg.com/alpinejs/-/alpinejs-3.12.3.tgz#d7f311b39318c5144e99205ab69557c0d90a552a"
  integrity sha512-fLz2dfYQ3xCk7Ip8LiIpV2W+9brUyex2TAE7Z0BCvZdUDklJE+n+a8gCgLWzfZ0GzZNZu7HUP8Z0z6Xbm6fsSA==
  dependencies:
    "@vue/reactivity" "~3.1.1"

esbuild@^0.18.14:
  version "0.18.14"
  resolved "https://registry.yarnpkg.com/esbuild/-/esbuild-0.18.14.tgz#3df4cfef66c55176583359d79fd416ffeb3cdf7e"
  integrity sha512-uNPj5oHPYmj+ZhSQeYQVFZ+hAlJZbAGOmmILWIqrGvPVlNLbyOvU5Bu6Woi8G8nskcx0vwY0iFoMPrzT86Ko+w==
  optionalDependencies:
    "@esbuild/android-arm" "0.18.14"
    "@esbuild/android-arm64" "0.18.14"
    "@esbuild/android-x64" "0.18.14"
    "@esbuild/darwin-arm64" "0.18.14"
    "@esbuild/darwin-x64" "0.18.14"
    "@esbuild/freebsd-arm64" "0.18.14"
    "@esbuild/freebsd-x64" "0.18.14"
    "@esbuild/linux-arm" "0.18.14"
    "@esbuild/linux-arm64" "0.18.14"
    "@esbuild/linux-ia32" "0.18.14"
    "@esbuild/linux-loong64" "0.18.14"
    "@esbuild/linux-mips64el" "0.18.14"
    "@esbuild/linux-ppc64" "0.18.14"
    "@esbuild/linux-riscv64" "0.18.14"
    "@esbuild/linux-s390x" "0.18.14"
    "@esbuild/linux-x64" "0.18.14"
    "@esbuild/netbsd-x64" "0.18.14"
    "@esbuild/openbsd-x64" "0.18.14"
    "@esbuild/sunos-x64" "0.18.14"
    "@esbuild/win32-arm64" "0.18.14"
    "@esbuild/win32-ia32" "0.18.14"
    "@esbuild/win32-x64" "0.18.14"

flowbite@1.5.3:
  version "1.5.3"
  resolved "https://registry.yarnpkg.com/flowbite/-/flowbite-1.5.3.tgz#99f0ba31b6d9a6fa8a1c25fb9aefa575a2a5efe6"
  integrity sha512-e2OHfndxTHtGMqcPqvqwg3gGLg57hmIDVgE/BazMDccgirQ0JEtirKnbZZ4WSOIEhNDgO9pJZuyC8rRlcMm6pQ==
  dependencies:
    "@popperjs/core" "^2.9.3"
    mini-svg-data-uri "^1.4.3"

mini-svg-data-uri@^1.4.3:
  version "1.4.4"
  resolved "https://registry.yarnpkg.com/mini-svg-data-uri/-/mini-svg-data-uri-1.4.4.tgz#8ab0aabcdf8c29ad5693ca595af19dd2ead09939"
  integrity sha512-r9deDe9p5FJUPZAk3A59wGH7Ii9YrjjWw0jmw/liSbHl2CHiyXj6FcDXDu2K3TjVAXqiJdaw3xxwlZZr9E6nHg==

playwright-core@1.36.1:
  version "1.36.1"
  resolved "https://registry.yarnpkg.com/playwright-core/-/playwright-core-1.36.1.tgz#f5f275d70548768ca892583519c89b237a381c77"
  integrity sha512-7+tmPuMcEW4xeCL9cp9KxmYpQYHKkyjwoXRnoeTowaeNat8PoBMk/HwCYhqkH2fRkshfKEOiVus/IhID2Pg8kg==

playwright@^1.29.2:
  version "1.36.1"
  resolved "https://registry.yarnpkg.com/playwright/-/playwright-1.36.1.tgz#bd01541048b4ea54bcf1989e61e0129f34d2df71"
  integrity sha512-2ZqHpD0U0COKR8bqR3W5IkyIAAM0mT9FgGJB9xWCI1qAUkqLxJskA1ueeQOTH2Qfz3+oxdwwf2EzdOX+RkZmmQ==
  dependencies:
    playwright-core "1.36.1"

prettier-plugin-tailwindcss@^0.4.1:
  version "0.4.1"
  resolved "https://registry.yarnpkg.com/prettier-plugin-tailwindcss/-/prettier-plugin-tailwindcss-0.4.1.tgz#f7ed664199540978b2cbd037bac3a337d6689e86"
  integrity sha512-hwn2EiJmv8M+AW4YDkbjJ6HlZCTzLyz1QlySn9sMuKV/Px0fjwldlB7tol8GzdgqtkdPtzT3iJ4UzdnYXP25Ag==

prettier@^3.0.0:
  version "3.0.0"
  resolved "https://registry.yarnpkg.com/prettier/-/prettier-3.0.0.tgz#e7b19f691245a21d618c68bc54dc06122f6105ae"
  integrity sha512-zBf5eHpwHOGPC47h0zrPyNn+eAEIdEzfywMoYn2XPi0P44Zp0tSq64rq0xAREh4auw2cJZHo9QUob+NqCQky4g==
